
Microsoft Visual Studio Solution File, Format Version 12.00
# Visual Studio 15
VisualStudioVersion = 15.0.28307.168
MinimumVisualStudioVersion = 10.0.40219.1
Project("{FAE04EC0-301F-11D3-BF4B-00C04F79EFBC}") = "OAuth2Authenticator", "OAuth2Authenticator\OAuth2Authenticator.csproj", "{C23C6040-BE05-4F70-8FDC-57E14D1AD40C}"
EndProject
Global
	GlobalSection(SolutionConfigurationPlatforms) = preSolution
		Debug|Any CPU = Debug|Any CPU
		Release|Any CPU = Release|Any CPU
	EndGlobalSection
	GlobalSection(ProjectConfigurationPlatforms) = postSolution
		{C23C6040-BE05-4F70-8FDC-57E14D1AD40C}.Debug|Any CPU.ActiveCfg = Debug|Any CPU
		{C23C6040-BE05-4F70-8FDC-57E14D1AD40C}.Debug|Any CPU.Build.0 = Debug|Any CPU
		{C23C6040-BE05-4F70-8FDC-57E14D1AD40C}.Release|Any CPU.ActiveCfg = Release|Any CPU
		{C23C6040-BE05-4F70-8FDC-57E14D1AD40C}.Release|Any CPU.Build.0 = Release|Any CPU
	EndGlobalSection
	GlobalSection(SolutionProperties) = preSolution
		HideSolutionNode = FALSE
	EndGlobalSection
	GlobalSection(ExtensibilityGlobals) = postSolution
		SolutionGuid = {811D034F-5A95-4A8D-8041-94524B6A4EF9}
	EndGlobalSection
EndGlobal
